// !$*UTF8*$!
{
	archiveVersion = 1;
	classes = {
	};
	objectVersion = 46;
	objects = {

/* Begin PBXBuildFile section */
		296FCFE61CEC3106007DB98C /* AppDelegate.swift in Sources */ = {isa = PBXBuildFile; fileRef = 296FCFE51CEC3106007DB98C /* AppDelegate.swift */; };
		296FCFE81CEC3106007DB98C /* ViewController.swift in Sources */ = {isa = PBXBuildFile; fileRef = 296FCFE71CEC3106007DB98C /* ViewController.swift */; };
		296FCFEA1CEC3106007DB98C /* Assets.xcassets in Resources */ = {isa = PBXBuildFile; fileRef = 296FCFE91CEC3106007DB98C /* Assets.xcassets */; };
		296FCFED1CEC3107007DB98C /* Main.storyboard in Resources */ = {isa = PBXBuildFile; fileRef = 296FCFEB1CEC3107007DB98C /* Main.storyboard */; };
/* End PBXBuildFile section */

/* Begin PBXFileReference section */
		296FCFE21CEC3106007DB98C /* vv.app */ = {isa = PBXFileReference; explicitFileType = wrapper.application; includeInIndex = 0; path = vv.app; sourceTree = BUILT_PRODUCTS_DIR; };
		296FCFE51CEC3106007DB98C /* AppDelegate.swift */ = {isa = PBXFileReference; lastKnownFileType = sourcecode.swift; path = AppDelegate.swift; sourceTree = "<group>"; };
		296FCFE71CEC3106007DB98C /* ViewController.swift */ = {isa = PBXFileReference; lastKnownFileType = sourcecode.swift; path = ViewController.swift; sourceTree = "<group>"; };
		296FCFE91CEC3106007DB98C /* Assets.xcassets */ = {isa = PBXFileReference; lastKnownFileType = folder.assetcatalog; path = Assets.xcassets; sourceTree = "<group>"; };
		296FCFEC1CEC3107007DB98C /* Base */ = {isa = PBXFileReference; lastKnownFileType = file.storyboard; name = Base; path = Base.lproj/Main.storyboard; sourceTree = "<group>"; };
		296FCFEE1CEC3107007DB98C /* Info.plist */ = {isa = PBXFileReference; lastKnownFileType = text.plist.xml; path = Info.plist; sourceTree = "<group>"; };
/* End PBXFileReference section */

/* Begin PBXFrameworksBuildPhase section */
		296FCFDF1CEC3106007DB98C /* Frameworks */ = {
			isa = PBXFrameworksBuildPhase;
			buildActionMask = 2147483647;
			files = (
			);
			runOnlyForDeploymentPostprocessing = 0;
		};
/* End PBXFrameworksBuildPhase section */

/* Begin PBXGroup section */
		296FCFD91CEC3106007DB98C = {
			isa = PBXGroup;
			children = (
				296FCFE41CEC3106007DB98C /* vv */,
				296FCFE31CEC3106007DB98C /* Products */,
			);
			sourceTree = "<group>";
		};
		296FCFE31CEC3106007DB98C /* Products */ = {
			isa = PBXGroup;
			children = (
				296FCFE21CEC3106007DB98C /* vv.app */,
			);
			name = Products;
			sourceTree = "<group>";
		};
		296FCFE41CEC3106007DB98C /* vv */ = {
			isa = PBXGroup;
			children = (
				296FCFE51CEC3106007DB98C /* AppDelegate.swift */,
				296FCFE71CEC3106007DB98C /* ViewController.swift */,
				296FCFE91CEC3106007DB98C /* Assets.xcassets */,
				296FCFEB1CEC3107007DB98C /* Main.storyboard */,
				296FCFEE1CEC3107007DB98C /* Info.plist */,
			);
			path = vv;
			sourceTree = "<group>";
		};
/* End PBXGroup section */

/* Begin PBXNativeTarget section */
		296FCFE11CEC3106007DB98C /* vv */ = {
			isa = PBXNativeTarget;
			buildConfigurationList = 296FCFF11CEC3107007DB98C /* Build configuration list for PBXNativeTarget "vv" */;
			buildPhases = (
				296FCFDE1CEC3106007DB98C /* Sources */,
				296FCFDF1CEC3106007DB98C /* Frameworks */,
				296FCFE01CEC3106007DB98C /* Resources */,
			);
			buildRules = (
			);
			dependencies = (
			);
			name = vv;
			productName = vv;
			productReference = 296FCFE21CEC3106007DB98C /* vv.app */;
			productType = "com.apple.product-type.application";
		};
/* End PBXNativeTarget section */

/* Begin PBXProject section */
		296FCFDA1CEC3106007DB98C /* Project object */ = {
			isa = PBXProject;
			attributes = {
				LastSwiftUpdateCheck = 0720;
				LastUpgradeCheck = 0720;
				ORGANIZATIONNAME = SaSa;
				TargetAttributes = {
					296FCFE11CEC3106007DB98C = {
						CreatedOnToolsVersion = 7.2.1;
					};
				};
			};
			buildConfigurationList = 296FCFDD1CEC3106007DB98C /* Build configuration list for PBXProject "vv" */;
			compatibilityVersion = "Xcode 3.2";
			developmentRegion = English;
			hasScannedForEncodings = 0;
			knownRegions = (
				en,
				Base,
			);
			mainGroup = 296FCFD91CEC3106007DB98C;
			productRefGroup = 296FCFE31CEC3106007DB98C /* Products */;
			projectDirPath = "";
			projectRoot = "";
			targets = (
				296FCFE11CEC3106007DB98C /* vv */,
			);
		};
/* End PBXProject section */

/* Begin PBXResourcesBuildPhase section */
		296FCFE01CEC3106007DB98C /* Resources */ = {
			isa = PBXResourcesBuildPhase;
			buildActionMask = 2147483647;
			files = (
				296FCFEA1CEC3106007DB98C /* Assets.xcassets in Resources */,
				296FCFED1CEC3107007DB98C /* Main.storyboard in Resources */,
			);
			runOnlyForDeploymentPostprocessing = 0;
		};
/* End PBXResourcesBuildPhase section */

/* Begin PBXSourcesBuildPhase section */
		296FCFDE1CEC3106007DB98C /* Sources */ = {
			isa = PBXSourcesBuildPhase;
			buildActionMask = 2147483647;
			files = (
				296FCFE81CEC3106007DB98C /* ViewController.swift in Sources */,
				296FCFE61CEC3106007DB98C /* AppDelegate.swift in Sources */,
			);
			runOnlyForDeploymentPostprocessing = 0;
		};
/* End PBXSourcesBuildPhase section */

/* Begin PBXVariantGroup section */
		296FCFEB1CEC3107007DB98C /* Main.storyboard */ = {
			isa = PBXVariantGroup;
			children = (
				296FCFEC1CEC3107007DB98C /* Base */,
			);
			name = Main.storyboard;
			sourceTree = "<group>";
		};
/* End PBXVariantGroup section */

/* Begin XCBuildConfiguration section */
		296FCFEF1CEC3107007DB98C /* Debug */ = {
			isa = XCBuildConfiguration;
			buildSettings = {
				ALWAYS_SEARCH_USER_PATHS = NO;
				CLANG_CXX_LANGUAGE_STANDARD = "gnu++0x";
				CLANG_CXX_LIBRARY = "libc++";
				CLANG_ENABLE_MODULES = YES;
				CLANG_ENABLE_OBJC_ARC = YES;
				CLANG_WARN_BOOL_CONVERSION = YES;
				CLANG_WARN_CONSTANT_CONVERSION = YES;
				CLANG_WARN_DIRECT_OBJC_ISA_USAGE = YES_ERROR;
				CLANG_WARN_EMPTY_BODY = YES;
				CLANG_WARN_ENUM_CONVERSION = YES;
				CLANG_WARN_INT_CONVERSION = YES;
				CLANG_WARN_OBJC_ROOT_CLASS = YES_ERROR;
				CLANG_WARN_UNREACHABLE_CODE = YES;
				CLANG_WARN__DUPLICATE_METHOD_MATCH = YES;
				CODE_SIGN_IDENTITY = "-";
				COPY_PHASE_STRIP = NO;
				DEBUG_INFORMATION_FORMAT = dwarf;
				ENABLE_STRICT_OBJC_MSGSEND = YES;
				ENABLE_TESTABILITY = YES;
				GCC_C_LANGUAGE_STANDARD = gnu99;
				GCC_DYNAMIC_NO_PIC = NO;
				GCC_NO_COMMON_BLOCKS = YES;
				GCC_OPTIMIZATION_LEVEL = 0;
				GCC_PREPROCESSOR_DEFINITIONS = (
					"DEBUG=1",
					"$(inherited)",
				);
				GCC_WARN_64_TO_32_BIT_CONVERSION = YES;
				GCC_WARN_ABOUT_RETURN_TYPE = YES_ERROR;
				GCC_WARN_UNDECLARED_SELECTOR = YES;
				GCC_WARN_UNINITIALIZED_AUTOS = YES_AGGRESSIVE;
				GCC_WARN_UNUSED_FUNCTION = YES;
				GCC_WARN_UNUSED_VARIABLE = YES;
				MACOSX_DEPLOYMENT_TARGET = 10.11;
				MTL_ENABLE_DEBUG_INFO = YES;
				ONLY_ACTIVE_ARCH = YES;
				SDKROOT = macosx;
				SWIFT_OPTIMIZATION_LEVEL = "-Onone";
			};
			name = Debug;
		};
		296FCFF01CEC3107007DB98C /* Release */ = {
			isa = XCBuildConfiguration;
			buildSettings = {
				ALWAYS_SEARCH_USER_PATHS = NO;
				CLANG_CXX_LANGUAGE_STANDARD = "gnu++0x";
				CLANG_CXX_LIBRARY = "libc++";
				CLANG_ENABLE_MODULES = YES;
				CLANG_ENABLE_OBJC_ARC = YES;
				CLANG_WARN_BOOL_CONVERSION = YES;
				CLANG_WARN_CONSTANT_CONVERSION = YES;
				CLANG_WARN_DIRECT_OBJC_ISA_USAGE = YES_ERROR;
				CLANG_WARN_EMPTY_BODY = YES;
				CLANG_WARN_ENUM_CONVERSION = YES;
				CLANG_WARN_INT_CONVERSION = YES;
				CLANG_WARN_OBJC_ROOT_CLASS = YES_ERROR;
				CLANG_WARN_UNREACHABLE_CODE = YES;
				CLANG_WARN__DUPLICATE_METHOD_MATCH = YES;
				CODE_SIGN_IDENTITY = "-";
				COPY_PHASE_STRIP = NO;
				DEBUG_INFORMATION_FORMAT = "dwarf-with-dsym";
				ENABLE_NS_ASSERTIONS = NO;
				ENABLE_STRICT_OBJC_MSGSEND = YES;
				GCC_C_LANGUAGE_STANDARD = gnu99;
				GCC_NO_COMMON_BLOCKS = YES;
				GCC_WARN_64_TO_32_BIT_CONVERSION = YES;
				GCC_WARN_ABOUT_RETURN_TYPE = YES_ERROR;
				GCC_WARN_UNDECLARED_SELECTOR = YES;
				GCC_WARN_UNINITIALIZED_AUTOS = YES_AGGRESSIVE;
				GCC_WARN_UNUSED_FUNCTION = YES;
				GCC_WARN_UNUSED_VARIABLE = YES;
				MACOSX_DEPLOYMENT_TARGET = 10.11;
				MTL_ENABLE_DEBUG_INFO = NO;
				SDKROOT = macosx;
			};
			name = Release;
		};
		296FCFF21CEC3107007DB98C /* Debug */ = {
			isa = XCBuildConfiguration;
			buildSettings = {
				ASSETCATALOG_COMPILER_APPICON_NAME = AppIcon;
				COMBINE_HIDPI_IMAGES = YES;
				INFOPLIST_FILE = vv/Info.plist;
				LD_RUNPATH_SEARCH_PATHS = "$(inherited) @executable_path/../Frameworks";
				PRODUCT_BUNDLE_IDENTIFIER = ds.prac.vv;
				PRODUCT_NAME = "$(TARGET_NAME)";
			};
			name = Debug;
		};
		296FCFF31CEC3107007DB98C /* Release */ = {
			isa = XCBuildConfiguration;
			buildSettings = {
				ASSETCATALOG_COMPILER_APPICON_NAME = AppIcon;
				COMBINE_HIDPI_IMAGES = YES;
				INFOPLIST_FILE = vv/Info.plist;
				LD_RUNPATH_SEARCH_PATHS = "$(inherited) @executable_path/../Frameworks";
				PRODUCT_BUNDLE_IDENTIFIER = ds.prac.vv;
				PRODUCT_NAME = "$(TARGET_NAME)";
			};
			name = Release;
		};
/* End XCBuildConfiguration section */

/* Begin XCConfigurationList section */
		296FCFDD1CEC3106007DB98C /* Build configuration list for PBXProject "vv" */ = {
			isa = XCConfigurationList;
			buildConfigurations = (
				296FCFEF1CEC3107007DB98C /* Debug */,
				296FCFF01CEC3107007DB98C /* Release */,
			);
			defaultConfigurationIsVisible = 0;
			defaultConfigurationName = Release;
		};
		296FCFF11CEC3107007DB98C /* Build configuration list for PBXNativeTarget "vv" */ = {
			isa = XCConfigurationList;
			buildConfigurations = (
				296FCFF21CEC3107007DB98C /* Debug */,
				296FCFF31CEC3107007DB98C /* Release */,
			);
			defaultConfigurationIsVisible = 0;
		};
/* End XCConfigurationList section */
	};
	rootObject = 296FCFDA1CEC3106007DB98C /* Project object */;
}
