// !$*UTF8*$!
{
	archiveVersion = 1;
	classes = {
	};
	objectVersion = 46;
	objects = {

/* Begin PBXBuildFile section */
		292A48891CF4203E002D9DBE /* main.cpp in Sources */ = {isa = PBXBuildFile; fileRef = 292A48881CF4203E002D9DBE /* main.cpp */; };
/* End PBXBuildFile section */

/* Begin PBXCopyFilesBuildPhase section */
		292A48831CF4203E002D9DBE /* CopyFiles */ = {
			isa = PBXCopyFilesBuildPhase;
			buildActionMask = 2147483647;
			dstPath = /usr/share/man/man1/;
			dstSubfolderSpec = 0;
			files = (
			);
			runOnlyForDeploymentPostprocessing = 1;
		};
/* End PBXCopyFilesBuildPhase section */

/* Begin PBXFileReference section */
		292A48851CF4203E002D9DBE /* Reverse a Doubly Linked List */ = {isa = PBXFileReference; explicitFileType = "compiled.mach-o.executable"; includeInIndex = 0; path = "Reverse a Doubly Linked List"; sourceTree = BUILT_PRODUCTS_DIR; };
		292A48881CF4203E002D9DBE /* main.cpp */ = {isa = PBXFileReference; lastKnownFileType = sourcecode.cpp.cpp; path = main.cpp; sourceTree = "<group>"; };
/* End PBXFileReference section */

/* Begin PBXFrameworksBuildPhase section */
		292A48821CF4203E002D9DBE /* Frameworks */ = {
			isa = PBXFrameworksBuildPhase;
			buildActionMask = 2147483647;
			files = (
			);
			runOnlyForDeploymentPostprocessing = 0;
		};
/* End PBXFrameworksBuildPhase section */

/* Begin PBXGroup section */
		292A487C1CF4203E002D9DBE = {
			isa = PBXGroup;
			children = (
				292A48871CF4203E002D9DBE /* Reverse a Doubly Linked List */,
				292A48861CF4203E002D9DBE /* Products */,
			);
			sourceTree = "<group>";
		};
		292A48861CF4203E002D9DBE /* Products */ = {
			isa = PBXGroup;
			children = (
				292A48851CF4203E002D9DBE /* Reverse a Doubly Linked List */,
			);
			name = Products;
			sourceTree = "<group>";
		};
		292A48871CF4203E002D9DBE /* Reverse a Doubly Linked List */ = {
			isa = PBXGroup;
			children = (
				292A48881CF4203E002D9DBE /* main.cpp */,
			);
			path = "Reverse a Doubly Linked List";
			sourceTree = "<group>";
		};
/* End PBXGroup section */

/* Begin PBXNativeTarget section */
		292A48841CF4203E002D9DBE /* Reverse a Doubly Linked List */ = {
			isa = PBXNativeTarget;
			buildConfigurationList = 292A488C1CF4203E002D9DBE /* Build configuration list for PBXNativeTarget "Reverse a Doubly Linked List" */;
			buildPhases = (
				292A48811CF4203E002D9DBE /* Sources */,
				292A48821CF4203E002D9DBE /* Frameworks */,
				292A48831CF4203E002D9DBE /* CopyFiles */,
			);
			buildRules = (
			);
			dependencies = (
			);
			name = "Reverse a Doubly Linked List";
			productName = "Reverse a Doubly Linked List";
			productReference = 292A48851CF4203E002D9DBE /* Reverse a Doubly Linked List */;
			productType = "com.apple.product-type.tool";
		};
/* End PBXNativeTarget section */

/* Begin PBXProject section */
		292A487D1CF4203E002D9DBE /* Project object */ = {
			isa = PBXProject;
			attributes = {
				LastUpgradeCheck = 0720;
				ORGANIZATIONNAME = SaSa;
				TargetAttributes = {
					292A48841CF4203E002D9DBE = {
						CreatedOnToolsVersion = 7.2.1;
					};
				};
			};
			buildConfigurationList = 292A48801CF4203E002D9DBE /* Build configuration list for PBXProject "Reverse a Doubly Linked List" */;
			compatibilityVersion = "Xcode 3.2";
			developmentRegion = English;
			hasScannedForEncodings = 0;
			knownRegions = (
				en,
			);
			mainGroup = 292A487C1CF4203E002D9DBE;
			productRefGroup = 292A48861CF4203E002D9DBE /* Products */;
			projectDirPath = "";
			projectRoot = "";
			targets = (
				292A48841CF4203E002D9DBE /* Reverse a Doubly Linked List */,
			);
		};
/* End PBXProject section */

/* Begin PBXSourcesBuildPhase section */
		292A48811CF4203E002D9DBE /* Sources */ = {
			isa = PBXSourcesBuildPhase;
			buildActionMask = 2147483647;
			files = (
				292A48891CF4203E002D9DBE /* main.cpp in Sources */,
			);
			runOnlyForDeploymentPostprocessing = 0;
		};
/* End PBXSourcesBuildPhase section */

/* Begin XCBuildConfiguration section */
		292A488A1CF4203E002D9DBE /* Debug */ = {
			isa = XCBuildConfiguration;
			buildSettings = {
				ALWAYS_SEARCH_USER_PATHS = NO;
				CLANG_CXX_LANGUAGE_STANDARD = "gnu++0x";
				CLANG_CXX_LIBRARY = "libc++";
				CLANG_ENABLE_MODULES = YES;
				CLANG_ENABLE_OBJC_ARC = YES;
				CLANG_WARN_BOOL_CONVERSION = YES;
				CLANG_WARN_CONSTANT_CONVERSION = YES;
				CLANG_WARN_DIRECT_OBJC_ISA_USAGE = YES_ERROR;
				CLANG_WARN_EMPTY_BODY = YES;
				CLANG_WARN_ENUM_CONVERSION = YES;
				CLANG_WARN_INT_CONVERSION = YES;
				CLANG_WARN_OBJC_ROOT_CLASS = YES_ERROR;
				CLANG_WARN_UNREACHABLE_CODE = YES;
				CLANG_WARN__DUPLICATE_METHOD_MATCH = YES;
				CODE_SIGN_IDENTITY = "-";
				COPY_PHASE_STRIP = NO;
				DEBUG_INFORMATION_FORMAT = dwarf;
				ENABLE_STRICT_OBJC_MSGSEND = YES;
				ENABLE_TESTABILITY = YES;
				GCC_C_LANGUAGE_STANDARD = gnu99;
				GCC_DYNAMIC_NO_PIC = NO;
				GCC_NO_COMMON_BLOCKS = YES;
				GCC_OPTIMIZATION_LEVEL = 0;
				GCC_PREPROCESSOR_DEFINITIONS = (
					"DEBUG=1",
					"$(inherited)",
				);
				GCC_WARN_64_TO_32_BIT_CONVERSION = YES;
				GCC_WARN_ABOUT_RETURN_TYPE = YES_ERROR;
				GCC_WARN_UNDECLARED_SELECTOR = YES;
				GCC_WARN_UNINITIALIZED_AUTOS = YES_AGGRESSIVE;
				GCC_WARN_UNUSED_FUNCTION = YES;
				GCC_WARN_UNUSED_VARIABLE = YES;
				MACOSX_DEPLOYMENT_TARGET = 10.11;
				MTL_ENABLE_DEBUG_INFO = YES;
				ONLY_ACTIVE_ARCH = YES;
				SDKROOT = macosx;
			};
			name = Debug;
		};
		292A488B1CF4203E002D9DBE /* Release */ = {
			isa = XCBuildConfiguration;
			buildSettings = {
				ALWAYS_SEARCH_USER_PATHS = NO;
				CLANG_CXX_LANGUAGE_STANDARD = "gnu++0x";
				CLANG_CXX_LIBRARY = "libc++";
				CLANG_ENABLE_MODULES = YES;
				CLANG_ENABLE_OBJC_ARC = YES;
				CLANG_WARN_BOOL_CONVERSION = YES;
				CLANG_WARN_CONSTANT_CONVERSION = YES;
				CLANG_WARN_DIRECT_OBJC_ISA_USAGE = YES_ERROR;
				CLANG_WARN_EMPTY_BODY = YES;
				CLANG_WARN_ENUM_CONVERSION = YES;
				CLANG_WARN_INT_CONVERSION = YES;
				CLANG_WARN_OBJC_ROOT_CLASS = YES_ERROR;
				CLANG_WARN_UNREACHABLE_CODE = YES;
				CLANG_WARN__DUPLICATE_METHOD_MATCH = YES;
				CODE_SIGN_IDENTITY = "-";
				COPY_PHASE_STRIP = NO;
				DEBUG_INFORMATION_FORMAT = "dwarf-with-dsym";
				ENABLE_NS_ASSERTIONS = NO;
				ENABLE_STRICT_OBJC_MSGSEND = YES;
				GCC_C_LANGUAGE_STANDARD = gnu99;
				GCC_NO_COMMON_BLOCKS = YES;
				GCC_WARN_64_TO_32_BIT_CONVERSION = YES;
				GCC_WARN_ABOUT_RETURN_TYPE = YES_ERROR;
				GCC_WARN_UNDECLARED_SELECTOR = YES;
				GCC_WARN_UNINITIALIZED_AUTOS = YES_AGGRESSIVE;
				GCC_WARN_UNUSED_FUNCTION = YES;
				GCC_WARN_UNUSED_VARIABLE = YES;
				MACOSX_DEPLOYMENT_TARGET = 10.11;
				MTL_ENABLE_DEBUG_INFO = NO;
				SDKROOT = macosx;
			};
			name = Release;
		};
		292A488D1CF4203E002D9DBE /* Debug */ = {
			isa = XCBuildConfiguration;
			buildSettings = {
				PRODUCT_NAME = "$(TARGET_NAME)";
			};
			name = Debug;
		};
		292A488E1CF4203E002D9DBE /* Release */ = {
			isa = XCBuildConfiguration;
			buildSettings = {
				PRODUCT_NAME = "$(TARGET_NAME)";
			};
			name = Release;
		};
/* End XCBuildConfiguration section */

/* Begin XCConfigurationList section */
		292A48801CF4203E002D9DBE /* Build configuration list for PBXProject "Reverse a Doubly Linked List" */ = {
			isa = XCConfigurationList;
			buildConfigurations = (
				292A488A1CF4203E002D9DBE /* Debug */,
				292A488B1CF4203E002D9DBE /* Release */,
			);
			defaultConfigurationIsVisible = 0;
			defaultConfigurationName = Release;
		};
		292A488C1CF4203E002D9DBE /* Build configuration list for PBXNativeTarget "Reverse a Doubly Linked List" */ = {
			isa = XCConfigurationList;
			buildConfigurations = (
				292A488D1CF4203E002D9DBE /* Debug */,
				292A488E1CF4203E002D9DBE /* Release */,
			);
			defaultConfigurationIsVisible = 0;
		};
/* End XCConfigurationList section */
	};
	rootObject = 292A487D1CF4203E002D9DBE /* Project object */;
}
