// !$*UTF8*$!
{
	archiveVersion = 1;
	classes = {
	};
	objectVersion = 46;
	objects = {

/* Begin PBXBuildFile section */
		292A49341CFC9679002D9DBE /* main.cpp in Sources */ = {isa = PBXBuildFile; fileRef = 292A49331CFC9679002D9DBE /* main.cpp */; };
/* End PBXBuildFile section */

/* Begin PBXCopyFilesBuildPhase section */
		292A492E1CFC9679002D9DBE /* CopyFiles */ = {
			isa = PBXCopyFilesBuildPhase;
			buildActionMask = 2147483647;
			dstPath = /usr/share/man/man1/;
			dstSubfolderSpec = 0;
			files = (
			);
			runOnlyForDeploymentPostprocessing = 1;
		};
/* End PBXCopyFilesBuildPhase section */

/* Begin PBXFileReference section */
		292A49301CFC9679002D9DBE /* Maximum of all subarrays of size k */ = {isa = PBXFileReference; explicitFileType = "compiled.mach-o.executable"; includeInIndex = 0; path = "Maximum of all subarrays of size k"; sourceTree = BUILT_PRODUCTS_DIR; };
		292A49331CFC9679002D9DBE /* main.cpp */ = {isa = PBXFileReference; lastKnownFileType = sourcecode.cpp.cpp; path = main.cpp; sourceTree = "<group>"; };
/* End PBXFileReference section */

/* Begin PBXFrameworksBuildPhase section */
		292A492D1CFC9679002D9DBE /* Frameworks */ = {
			isa = PBXFrameworksBuildPhase;
			buildActionMask = 2147483647;
			files = (
			);
			runOnlyForDeploymentPostprocessing = 0;
		};
/* End PBXFrameworksBuildPhase section */

/* Begin PBXGroup section */
		292A49271CFC9679002D9DBE = {
			isa = PBXGroup;
			children = (
				292A49321CFC9679002D9DBE /* Maximum of all subarrays of size k */,
				292A49311CFC9679002D9DBE /* Products */,
			);
			sourceTree = "<group>";
		};
		292A49311CFC9679002D9DBE /* Products */ = {
			isa = PBXGroup;
			children = (
				292A49301CFC9679002D9DBE /* Maximum of all subarrays of size k */,
			);
			name = Products;
			sourceTree = "<group>";
		};
		292A49321CFC9679002D9DBE /* Maximum of all subarrays of size k */ = {
			isa = PBXGroup;
			children = (
				292A49331CFC9679002D9DBE /* main.cpp */,
			);
			path = "Maximum of all subarrays of size k";
			sourceTree = "<group>";
		};
/* End PBXGroup section */

/* Begin PBXNativeTarget section */
		292A492F1CFC9679002D9DBE /* Maximum of all subarrays of size k */ = {
			isa = PBXNativeTarget;
			buildConfigurationList = 292A49371CFC9679002D9DBE /* Build configuration list for PBXNativeTarget "Maximum of all subarrays of size k" */;
			buildPhases = (
				292A492C1CFC9679002D9DBE /* Sources */,
				292A492D1CFC9679002D9DBE /* Frameworks */,
				292A492E1CFC9679002D9DBE /* CopyFiles */,
			);
			buildRules = (
			);
			dependencies = (
			);
			name = "Maximum of all subarrays of size k";
			productName = "Maximum of all subarrays of size k";
			productReference = 292A49301CFC9679002D9DBE /* Maximum of all subarrays of size k */;
			productType = "com.apple.product-type.tool";
		};
/* End PBXNativeTarget section */

/* Begin PBXProject section */
		292A49281CFC9679002D9DBE /* Project object */ = {
			isa = PBXProject;
			attributes = {
				LastUpgradeCheck = 0720;
				ORGANIZATIONNAME = SaSa;
				TargetAttributes = {
					292A492F1CFC9679002D9DBE = {
						CreatedOnToolsVersion = 7.2.1;
					};
				};
			};
			buildConfigurationList = 292A492B1CFC9679002D9DBE /* Build configuration list for PBXProject "Maximum of all subarrays of size k" */;
			compatibilityVersion = "Xcode 3.2";
			developmentRegion = English;
			hasScannedForEncodings = 0;
			knownRegions = (
				en,
			);
			mainGroup = 292A49271CFC9679002D9DBE;
			productRefGroup = 292A49311CFC9679002D9DBE /* Products */;
			projectDirPath = "";
			projectRoot = "";
			targets = (
				292A492F1CFC9679002D9DBE /* Maximum of all subarrays of size k */,
			);
		};
/* End PBXProject section */

/* Begin PBXSourcesBuildPhase section */
		292A492C1CFC9679002D9DBE /* Sources */ = {
			isa = PBXSourcesBuildPhase;
			buildActionMask = 2147483647;
			files = (
				292A49341CFC9679002D9DBE /* main.cpp in Sources */,
			);
			runOnlyForDeploymentPostprocessing = 0;
		};
/* End PBXSourcesBuildPhase section */

/* Begin XCBuildConfiguration section */
		292A49351CFC9679002D9DBE /* Debug */ = {
			isa = XCBuildConfiguration;
			buildSettings = {
				ALWAYS_SEARCH_USER_PATHS = NO;
				CLANG_CXX_LANGUAGE_STANDARD = "gnu++0x";
				CLANG_CXX_LIBRARY = "libc++";
				CLANG_ENABLE_MODULES = YES;
				CLANG_ENABLE_OBJC_ARC = YES;
				CLANG_WARN_BOOL_CONVERSION = YES;
				CLANG_WARN_CONSTANT_CONVERSION = YES;
				CLANG_WARN_DIRECT_OBJC_ISA_USAGE = YES_ERROR;
				CLANG_WARN_EMPTY_BODY = YES;
				CLANG_WARN_ENUM_CONVERSION = YES;
				CLANG_WARN_INT_CONVERSION = YES;
				CLANG_WARN_OBJC_ROOT_CLASS = YES_ERROR;
				CLANG_WARN_UNREACHABLE_CODE = YES;
				CLANG_WARN__DUPLICATE_METHOD_MATCH = YES;
				CODE_SIGN_IDENTITY = "-";
				COPY_PHASE_STRIP = NO;
				DEBUG_INFORMATION_FORMAT = dwarf;
				ENABLE_STRICT_OBJC_MSGSEND = YES;
				ENABLE_TESTABILITY = YES;
				GCC_C_LANGUAGE_STANDARD = gnu99;
				GCC_DYNAMIC_NO_PIC = NO;
				GCC_NO_COMMON_BLOCKS = YES;
				GCC_OPTIMIZATION_LEVEL = 0;
				GCC_PREPROCESSOR_DEFINITIONS = (
					"DEBUG=1",
					"$(inherited)",
				);
				GCC_WARN_64_TO_32_BIT_CONVERSION = YES;
				GCC_WARN_ABOUT_RETURN_TYPE = YES_ERROR;
				GCC_WARN_UNDECLARED_SELECTOR = YES;
				GCC_WARN_UNINITIALIZED_AUTOS = YES_AGGRESSIVE;
				GCC_WARN_UNUSED_FUNCTION = YES;
				GCC_WARN_UNUSED_VARIABLE = YES;
				MACOSX_DEPLOYMENT_TARGET = 10.11;
				MTL_ENABLE_DEBUG_INFO = YES;
				ONLY_ACTIVE_ARCH = YES;
				SDKROOT = macosx;
			};
			name = Debug;
		};
		292A49361CFC9679002D9DBE /* Release */ = {
			isa = XCBuildConfiguration;
			buildSettings = {
				ALWAYS_SEARCH_USER_PATHS = NO;
				CLANG_CXX_LANGUAGE_STANDARD = "gnu++0x";
				CLANG_CXX_LIBRARY = "libc++";
				CLANG_ENABLE_MODULES = YES;
				CLANG_ENABLE_OBJC_ARC = YES;
				CLANG_WARN_BOOL_CONVERSION = YES;
				CLANG_WARN_CONSTANT_CONVERSION = YES;
				CLANG_WARN_DIRECT_OBJC_ISA_USAGE = YES_ERROR;
				CLANG_WARN_EMPTY_BODY = YES;
				CLANG_WARN_ENUM_CONVERSION = YES;
				CLANG_WARN_INT_CONVERSION = YES;
				CLANG_WARN_OBJC_ROOT_CLASS = YES_ERROR;
				CLANG_WARN_UNREACHABLE_CODE = YES;
				CLANG_WARN__DUPLICATE_METHOD_MATCH = YES;
				CODE_SIGN_IDENTITY = "-";
				COPY_PHASE_STRIP = NO;
				DEBUG_INFORMATION_FORMAT = "dwarf-with-dsym";
				ENABLE_NS_ASSERTIONS = NO;
				ENABLE_STRICT_OBJC_MSGSEND = YES;
				GCC_C_LANGUAGE_STANDARD = gnu99;
				GCC_NO_COMMON_BLOCKS = YES;
				GCC_WARN_64_TO_32_BIT_CONVERSION = YES;
				GCC_WARN_ABOUT_RETURN_TYPE = YES_ERROR;
				GCC_WARN_UNDECLARED_SELECTOR = YES;
				GCC_WARN_UNINITIALIZED_AUTOS = YES_AGGRESSIVE;
				GCC_WARN_UNUSED_FUNCTION = YES;
				GCC_WARN_UNUSED_VARIABLE = YES;
				MACOSX_DEPLOYMENT_TARGET = 10.11;
				MTL_ENABLE_DEBUG_INFO = NO;
				SDKROOT = macosx;
			};
			name = Release;
		};
		292A49381CFC9679002D9DBE /* Debug */ = {
			isa = XCBuildConfiguration;
			buildSettings = {
				PRODUCT_NAME = "$(TARGET_NAME)";
			};
			name = Debug;
		};
		292A49391CFC9679002D9DBE /* Release */ = {
			isa = XCBuildConfiguration;
			buildSettings = {
				PRODUCT_NAME = "$(TARGET_NAME)";
			};
			name = Release;
		};
/* End XCBuildConfiguration section */

/* Begin XCConfigurationList section */
		292A492B1CFC9679002D9DBE /* Build configuration list for PBXProject "Maximum of all subarrays of size k" */ = {
			isa = XCConfigurationList;
			buildConfigurations = (
				292A49351CFC9679002D9DBE /* Debug */,
				292A49361CFC9679002D9DBE /* Release */,
			);
			defaultConfigurationIsVisible = 0;
			defaultConfigurationName = Release;
		};
		292A49371CFC9679002D9DBE /* Build configuration list for PBXNativeTarget "Maximum of all subarrays of size k" */ = {
			isa = XCConfigurationList;
			buildConfigurations = (
				292A49381CFC9679002D9DBE /* Debug */,
				292A49391CFC9679002D9DBE /* Release */,
			);
			defaultConfigurationIsVisible = 0;
		};
/* End XCConfigurationList section */
	};
	rootObject = 292A49281CFC9679002D9DBE /* Project object */;
}
